// !$*UTF8*$!
{
	archiveVersion = 1;
	classes = {
	};
	objectVersion = 50;
	objects = {

/* Begin PBXBuildFile section */
		0814D56C20BE8F4D0015663E /* Plant.swift in Sources */ = {isa = PBXBuildFile; fileRef = 0814D56B20BE8F4D0015663E /* Plant.swift */; };
		0814D57620BEDE0B0015663E /* HanaMinA.ttf in Resources */ = {isa = PBXBuildFile; fileRef = 0814D57520BEDDE30015663E /* HanaMinA.ttf */; };
		0814D57720BEDE120015663E /* HanaMinB.ttf in Resources */ = {isa = PBXBuildFile; fileRef = 0814D57420BEDDE20015663E /* HanaMinB.ttf */; };
		0814D57820BEDE170015663E /* Kaiso-Next-B.otf in Resources */ = {isa = PBXBuildFile; fileRef = 0814D57320BEDDCD0015663E /* Kaiso-Next-B.otf */; };
		082117A0209AE94700D2307D /* MainPageViewController.swift in Sources */ = {isa = PBXBuildFile; fileRef = 0821179F209AE94700D2307D /* MainPageViewController.swift */; };
		082117B0209B137000D2307D /* PlantTableViewController.swift in Sources */ = {isa = PBXBuildFile; fileRef = 082117AF209B137000D2307D /* PlantTableViewController.swift */; };
		082117B2209B13AC00D2307D /* PlantTableViewCell.swift in Sources */ = {isa = PBXBuildFile; fileRef = 082117B1209B13AC00D2307D /* PlantTableViewCell.swift */; };
		082117B4209B24B500D2307D /* PlantDetailViewController.swift in Sources */ = {isa = PBXBuildFile; fileRef = 082117B3209B24B500D2307D /* PlantDetailViewController.swift */; };
		0835A61320BF029900E80C5B /* PlantDetailHeaderView.swift in Sources */ = {isa = PBXBuildFile; fileRef = 0835A61220BF029900E80C5B /* PlantDetailHeaderView.swift */; };
		0835A61520BF0CE700E80C5B /* PlantDetailIconTextCell.swift in Sources */ = {isa = PBXBuildFile; fileRef = 0835A61420BF0CE700E80C5B /* PlantDetailIconTextCell.swift */; };
		0835A61B20BF1BCD00E80C5B /* PlantDescriptionTextCell.swift in Sources */ = {isa = PBXBuildFile; fileRef = 0835A61A20BF1BCD00E80C5B /* PlantDescriptionTextCell.swift */; };
		0835A61D20BF872C00E80C5B /* PlantDetailTaiwanIconTextCell.swift in Sources */ = {isa = PBXBuildFile; fileRef = 0835A61C20BF872C00E80C5B /* PlantDetailTaiwanIconTextCell.swift */; };
		08B96CB6209AB1BF00233033 /* AppDelegate.swift in Sources */ = {isa = PBXBuildFile; fileRef = 08B96CB5209AB1BF00233033 /* AppDelegate.swift */; };
		08B96CBB209AB1BF00233033 /* Main.storyboard in Resources */ = {isa = PBXBuildFile; fileRef = 08B96CB9209AB1BF00233033 /* Main.storyboard */; };
		08B96CBD209AB1C400233033 /* Assets.xcassets in Resources */ = {isa = PBXBuildFile; fileRef = 08B96CBC209AB1C400233033 /* Assets.xcassets */; };
		08B96CC0209AB1C400233033 /* LaunchScreen.storyboard in Resources */ = {isa = PBXBuildFile; fileRef = 08B96CBE209AB1C400233033 /* LaunchScreen.storyboard */; };
		08B96CCB209AB1C400233033 /* midtermUITests.swift in Sources */ = {isa = PBXBuildFile; fileRef = 08B96CCA209AB1C400233033 /* midtermUITests.swift */; };
/* End PBXBuildFile section */

/* Begin PBXContainerItemProxy section */
		08B96CC7209AB1C400233033 /* PBXContainerItemProxy */ = {
			isa = PBXContainerItemProxy;
			containerPortal = 08B96CAA209AB1BF00233033 /* Project object */;
			proxyType = 1;
			remoteGlobalIDString = 08B96CB1209AB1BF00233033;
			remoteInfo = midterm;
		};
/* End PBXContainerItemProxy section */

/* Begin PBXFileReference section */
		080144FB20BF90C800DC9F42 /* \202\265\202\347\202\263\202\254\226{\212\333\203S\203V\203b\203NMini.otf */ = {isa = PBXFileReference; lastKnownFileType = file; path = "\\202\\265\\202\\347\\202\\263\\202\\254\\226{\\212\\333\\203S\\203V\\203b\\203NMini.otf"; sourceTree = "<group>"; };
		0814D56B20BE8F4D0015663E /* Plant.swift */ = {isa = PBXFileReference; lastKnownFileType = sourcecode.swift; path = Plant.swift; sourceTree = "<group>"; };
		0814D57320BEDDCD0015663E /* Kaiso-Next-B.otf */ = {isa = PBXFileReference; lastKnownFileType = file; path = "Kaiso-Next-B.otf"; sourceTree = "<group>"; };
		0814D57420BEDDE20015663E /* HanaMinB.ttf */ = {isa = PBXFileReference; lastKnownFileType = file; path = HanaMinB.ttf; sourceTree = "<group>"; };
		0814D57520BEDDE30015663E /* HanaMinA.ttf */ = {isa = PBXFileReference; lastKnownFileType = file; path = HanaMinA.ttf; sourceTree = "<group>"; };
		0814D57B20BEEB080015663E /* Mamelon.otf */ = {isa = PBXFileReference; lastKnownFileType = file; path = Mamelon.otf; sourceTree = "<group>"; };
		0814D57E20BEEB1E0015663E /* NotoSansCJKtc-Bold.otf */ = {isa = PBXFileReference; lastKnownFileType = file; path = "NotoSansCJKtc-Bold.otf"; sourceTree = "<group>"; };
		0814D57F20BEEB1F0015663E /* NotoSansMonoCJKtc-Bold.otf */ = {isa = PBXFileReference; lastKnownFileType = file; path = "NotoSansMonoCJKtc-Bold.otf"; sourceTree = "<group>"; };
		0814D58020BEEB200015663E /* NotoSansCJKtc-Black.otf */ = {isa = PBXFileReference; lastKnownFileType = file; path = "NotoSansCJKtc-Black.otf"; sourceTree = "<group>"; };
		0814D58120BEEB220015663E /* NotoSansCJKtc-Light.otf */ = {isa = PBXFileReference; lastKnownFileType = file; path = "NotoSansCJKtc-Light.otf"; sourceTree = "<group>"; };
		0814D58220BEEB230015663E /* NotoSansCJKtc-Regular.otf */ = {isa = PBXFileReference; lastKnownFileType = file; path = "NotoSansCJKtc-Regular.otf"; sourceTree = "<group>"; };
		0814D58320BEEB240015663E /* NotoSansMonoCJKtc-Regular.otf */ = {isa = PBXFileReference; lastKnownFileType = file; path = "NotoSansMonoCJKtc-Regular.otf"; sourceTree = "<group>"; };
		0814D58420BEEB250015663E /* NotoSansCJKtc-DemiLight.otf */ = {isa = PBXFileReference; lastKnownFileType = file; path = "NotoSansCJKtc-DemiLight.otf"; sourceTree = "<group>"; };
		0814D58520BEEB260015663E /* NotoSansCJKtc-Medium.otf */ = {isa = PBXFileReference; lastKnownFileType = file; path = "NotoSansCJKtc-Medium.otf"; sourceTree = "<group>"; };
		0814D58620BEEB270015663E /* NotoSansCJKtc-Thin.otf */ = {isa = PBXFileReference; lastKnownFileType = file; path = "NotoSansCJKtc-Thin.otf"; sourceTree = "<group>"; };
		0821179F209AE94700D2307D /* MainPageViewController.swift */ = {isa = PBXFileReference; lastKnownFileType = sourcecode.swift; path = MainPageViewController.swift; sourceTree = "<group>"; };
		082117AF209B137000D2307D /* PlantTableViewController.swift */ = {isa = PBXFileReference; lastKnownFileType = sourcecode.swift; path = PlantTableViewController.swift; sourceTree = "<group>"; };
		082117B1209B13AC00D2307D /* PlantTableViewCell.swift */ = {isa = PBXFileReference; lastKnownFileType = sourcecode.swift; path = PlantTableViewCell.swift; sourceTree = "<group>"; };
		082117B3209B24B500D2307D /* PlantDetailViewController.swift */ = {isa = PBXFileReference; lastKnownFileType = sourcecode.swift; path = PlantDetailViewController.swift; sourceTree = "<group>"; };
		0835A61220BF029900E80C5B /* PlantDetailHeaderView.swift */ = {isa = PBXFileReference; lastKnownFileType = sourcecode.swift; path = PlantDetailHeaderView.swift; sourceTree = "<group>"; };
		0835A61420BF0CE700E80C5B /* PlantDetailIconTextCell.swift */ = {isa = PBXFileReference; lastKnownFileType = sourcecode.swift; path = PlantDetailIconTextCell.swift; sourceTree = "<group>"; };
		0835A61A20BF1BCD00E80C5B /* PlantDescriptionTextCell.swift */ = {isa = PBXFileReference; lastKnownFileType = sourcecode.swift; path = PlantDescriptionTextCell.swift; sourceTree = "<group>"; };
		0835A61C20BF872C00E80C5B /* PlantDetailTaiwanIconTextCell.swift */ = {isa = PBXFileReference; lastKnownFileType = sourcecode.swift; path = PlantDetailTaiwanIconTextCell.swift; sourceTree = "<group>"; };
		08B96CB2209AB1BF00233033 /* midterm.app */ = {isa = PBXFileReference; explicitFileType = wrapper.application; includeInIndex = 0; path = midterm.app; sourceTree = BUILT_PRODUCTS_DIR; };
		08B96CB5209AB1BF00233033 /* AppDelegate.swift */ = {isa = PBXFileReference; lastKnownFileType = sourcecode.swift; path = AppDelegate.swift; sourceTree = "<group>"; };
		08B96CBA209AB1BF00233033 /* Base */ = {isa = PBXFileReference; lastKnownFileType = file.storyboard; name = Base; path = Base.lproj/Main.storyboard; sourceTree = "<group>"; };
		08B96CBC209AB1C400233033 /* Assets.xcassets */ = {isa = PBXFileReference; lastKnownFileType = folder.assetcatalog; path = Assets.xcassets; sourceTree = "<group>"; };
		08B96CBF209AB1C400233033 /* Base */ = {isa = PBXFileReference; lastKnownFileType = file.storyboard; name = Base; path = Base.lproj/LaunchScreen.storyboard; sourceTree = "<group>"; };
		08B96CC1209AB1C400233033 /* Info.plist */ = {isa = PBXFileReference; lastKnownFileType = text.plist.xml; path = Info.plist; sourceTree = "<group>"; };
		08B96CC6209AB1C400233033 /* midtermUITests.xctest */ = {isa = PBXFileReference; explicitFileType = wrapper.cfbundle; includeInIndex = 0; path = midtermUITests.xctest; sourceTree = BUILT_PRODUCTS_DIR; };
		08B96CCA209AB1C400233033 /* midtermUITests.swift */ = {isa = PBXFileReference; lastKnownFileType = sourcecode.swift; path = midtermUITests.swift; sourceTree = "<group>"; };
		08B96CCC209AB1C400233033 /* Info.plist */ = {isa = PBXFileReference; lastKnownFileType = text.plist.xml; path = Info.plist; sourceTree = "<group>"; };
		08E3447720BFCD9000E1CAF1 /* setofont.ttf */ = {isa = PBXFileReference; lastKnownFileType = file; path = setofont.ttf; sourceTree = "<group>"; };
/* End PBXFileReference section */

/* Begin PBXFrameworksBuildPhase section */
		08B96CAF209AB1BF00233033 /* Frameworks */ = {
			isa = PBXFrameworksBuildPhase;
			buildActionMask = 2147483647;
			files = (
			);
			runOnlyForDeploymentPostprocessing = 0;
		};
		08B96CC3209AB1C400233033 /* Frameworks */ = {
			isa = PBXFrameworksBuildPhase;
			buildActionMask = 2147483647;
			files = (
			);
			runOnlyForDeploymentPostprocessing = 0;
		};
/* End PBXFrameworksBuildPhase section */

/* Begin PBXGroup section */
		0814D56D20BEDB960015663E /* Resources */ = {
			isa = PBXGroup;
			children = (
				0814D57220BEDDBA0015663E /* Fonts */,
			);
			path = Resources;
			sourceTree = "<group>";
		};
		0814D56E20BEDBC70015663E /* Storyboard */ = {
			isa = PBXGroup;
			children = (
				08B96CB9209AB1BF00233033 /* Main.storyboard */,
				08B96CBE209AB1C400233033 /* LaunchScreen.storyboard */,
			);
			path = Storyboard;
			sourceTree = "<group>";
		};
		0814D56F20BEDBDC0015663E /* Controller */ = {
			isa = PBXGroup;
			children = (
				0821179F209AE94700D2307D /* MainPageViewController.swift */,
				082117AF209B137000D2307D /* PlantTableViewController.swift */,
				082117B3209B24B500D2307D /* PlantDetailViewController.swift */,
			);
			path = Controller;
			sourceTree = "<group>";
		};
		0814D57020BEDBF60015663E /* Model */ = {
			isa = PBXGroup;
			children = (
				0814D56B20BE8F4D0015663E /* Plant.swift */,
			);
			path = Model;
			sourceTree = "<group>";
		};
		0814D57120BEDC230015663E /* View */ = {
			isa = PBXGroup;
			children = (
				082117B1209B13AC00D2307D /* PlantTableViewCell.swift */,
				0835A61220BF029900E80C5B /* PlantDetailHeaderView.swift */,
				0835A61420BF0CE700E80C5B /* PlantDetailIconTextCell.swift */,
				0835A61A20BF1BCD00E80C5B /* PlantDescriptionTextCell.swift */,
				0835A61C20BF872C00E80C5B /* PlantDetailTaiwanIconTextCell.swift */,
			);
			path = View;
			sourceTree = "<group>";
		};
		0814D57220BEDDBA0015663E /* Fonts */ = {
			isa = PBXGroup;
			children = (
				08E3447720BFCD9000E1CAF1 /* setofont.ttf */,
				080144FB20BF90C800DC9F42 /* \202\265\202\347\202\263\202\254\226{\212\333\203S\203V\203b\203NMini.otf */,
				0814D57B20BEEB080015663E /* Mamelon.otf */,
				0814D57520BEDDE30015663E /* HanaMinA.ttf */,
				0814D57420BEDDE20015663E /* HanaMinB.ttf */,
				0814D57320BEDDCD0015663E /* Kaiso-Next-B.otf */,
				0814D58020BEEB200015663E /* NotoSansCJKtc-Black.otf */,
				0814D57E20BEEB1E0015663E /* NotoSansCJKtc-Bold.otf */,
				0814D58420BEEB250015663E /* NotoSansCJKtc-DemiLight.otf */,
				0814D58120BEEB220015663E /* NotoSansCJKtc-Light.otf */,
				0814D58520BEEB260015663E /* NotoSansCJKtc-Medium.otf */,
				0814D58220BEEB230015663E /* NotoSansCJKtc-Regular.otf */,
				0814D57F20BEEB1F0015663E /* NotoSansMonoCJKtc-Bold.otf */,
				0814D58620BEEB270015663E /* NotoSansCJKtc-Thin.otf */,
				0814D58320BEEB240015663E /* NotoSansMonoCJKtc-Regular.otf */,
			);
			path = Fonts;
			sourceTree = "<group>";
		};
		08B96CA9209AB1BF00233033 = {
			isa = PBXGroup;
			children = (
				08B96CB4209AB1BF00233033 /* midterm */,
				08B96CC9209AB1C400233033 /* midtermUITests */,
				08B96CB3209AB1BF00233033 /* Products */,
			);
			sourceTree = "<group>";
		};
		08B96CB3209AB1BF00233033 /* Products */ = {
			isa = PBXGroup;
			children = (
				08B96CB2209AB1BF00233033 /* midterm.app */,
				08B96CC6209AB1C400233033 /* midtermUITests.xctest */,
			);
			name = Products;
			sourceTree = "<group>";
		};
		08B96CB4209AB1BF00233033 /* midterm */ = {
			isa = PBXGroup;
			children = (
				0814D56D20BEDB960015663E /* Resources */,
				0814D57120BEDC230015663E /* View */,
				0814D57020BEDBF60015663E /* Model */,
				0814D56F20BEDBDC0015663E /* Controller */,
				0814D56E20BEDBC70015663E /* Storyboard */,
				08B96CB5209AB1BF00233033 /* AppDelegate.swift */,
				08B96CBC209AB1C400233033 /* Assets.xcassets */,
				08B96CC1209AB1C400233033 /* Info.plist */,
			);
			path = midterm;
			sourceTree = "<group>";
		};
		08B96CC9209AB1C400233033 /* midtermUITests */ = {
			isa = PBXGroup;
			children = (
				08B96CCA209AB1C400233033 /* midtermUITests.swift */,
				08B96CCC209AB1C400233033 /* Info.plist */,
			);
			path = midtermUITests;
			sourceTree = "<group>";
		};
/* End PBXGroup section */

/* Begin PBXNativeTarget section */
		08B96CB1209AB1BF00233033 /* midterm */ = {
			isa = PBXNativeTarget;
			buildConfigurationList = 08B96CCF209AB1C400233033 /* Build configuration list for PBXNativeTarget "midterm" */;
			buildPhases = (
				08B96CAE209AB1BF00233033 /* Sources */,
				08B96CAF209AB1BF00233033 /* Frameworks */,
				08B96CB0209AB1BF00233033 /* Resources */,
			);
			buildRules = (
			);
			dependencies = (
			);
			name = midterm;
			productName = midterm;
			productReference = 08B96CB2209AB1BF00233033 /* midterm.app */;
			productType = "com.apple.product-type.application";
		};
		08B96CC5209AB1C400233033 /* midtermUITests */ = {
			isa = PBXNativeTarget;
			buildConfigurationList = 08B96CD2209AB1C400233033 /* Build configuration list for PBXNativeTarget "midtermUITests" */;
			buildPhases = (
				08B96CC2209AB1C400233033 /* Sources */,
				08B96CC3209AB1C400233033 /* Frameworks */,
				08B96CC4209AB1C400233033 /* Resources */,
			);
			buildRules = (
			);
			dependencies = (
				08B96CC8209AB1C400233033 /* PBXTargetDependency */,
			);
			name = midtermUITests;
			productName = midtermUITests;
			productReference = 08B96CC6209AB1C400233033 /* midtermUITests.xctest */;
			productType = "com.apple.product-type.bundle.ui-testing";
		};
/* End PBXNativeTarget section */

/* Begin PBXProject section */
		08B96CAA209AB1BF00233033 /* Project object */ = {
			isa = PBXProject;
			attributes = {
				LastSwiftUpdateCheck = 0930;
				LastUpgradeCheck = 0930;
				ORGANIZATIONNAME = "方羿云";
				TargetAttributes = {
					08B96CB1209AB1BF00233033 = {
						CreatedOnToolsVersion = 9.3;
					};
					08B96CC5209AB1C400233033 = {
						CreatedOnToolsVersion = 9.3;
						TestTargetID = 08B96CB1209AB1BF00233033;
					};
				};
			};
			buildConfigurationList = 08B96CAD209AB1BF00233033 /* Build configuration list for PBXProject "midterm" */;
			compatibilityVersion = "Xcode 9.3";
			developmentRegion = en;
			hasScannedForEncodings = 0;
			knownRegions = (
				en,
				Base,
			);
			mainGroup = 08B96CA9209AB1BF00233033;
			productRefGroup = 08B96CB3209AB1BF00233033 /* Products */;
			projectDirPath = "";
			projectRoot = "";
			targets = (
				08B96CB1209AB1BF00233033 /* midterm */,
				08B96CC5209AB1C400233033 /* midtermUITests */,
			);
		};
/* End PBXProject section */

/* Begin PBXResourcesBuildPhase section */
		08B96CB0209AB1BF00233033 /* Resources */ = {
			isa = PBXResourcesBuildPhase;
			buildActionMask = 2147483647;
			files = (
				08B96CC0209AB1C400233033 /* LaunchScreen.storyboard in Resources */,
				0814D57720BEDE120015663E /* HanaMinB.ttf in Resources */,
				0814D57620BEDE0B0015663E /* HanaMinA.ttf in Resources */,
				08B96CBD209AB1C400233033 /* Assets.xcassets in Resources */,
				08B96CBB209AB1BF00233033 /* Main.storyboard in Resources */,
				0814D57820BEDE170015663E /* Kaiso-Next-B.otf in Resources */,
			);
			runOnlyForDeploymentPostprocessing = 0;
		};
		08B96CC4209AB1C400233033 /* Resources */ = {
			isa = PBXResourcesBuildPhase;
			buildActionMask = 2147483647;
			files = (
			);
			runOnlyForDeploymentPostprocessing = 0;
		};
/* End PBXResourcesBuildPhase section */

/* Begin PBXSourcesBuildPhase section */
		08B96CAE209AB1BF00233033 /* Sources */ = {
			isa = PBXSourcesBuildPhase;
			buildActionMask = 2147483647;
			files = (
				0835A61D20BF872C00E80C5B /* PlantDetailTaiwanIconTextCell.swift in Sources */,
				0835A61520BF0CE700E80C5B /* PlantDetailIconTextCell.swift in Sources */,
				082117A0209AE94700D2307D /* MainPageViewController.swift in Sources */,
				0814D56C20BE8F4D0015663E /* Plant.swift in Sources */,
				082117B2209B13AC00D2307D /* PlantTableViewCell.swift in Sources */,
				08B96CB6209AB1BF00233033 /* AppDelegate.swift in Sources */,
				0835A61B20BF1BCD00E80C5B /* PlantDescriptionTextCell.swift in Sources */,
				0835A61320BF029900E80C5B /* PlantDetailHeaderView.swift in Sources */,
				082117B4209B24B500D2307D /* PlantDetailViewController.swift in Sources */,
				082117B0209B137000D2307D /* PlantTableViewController.swift in Sources */,
			);
			runOnlyForDeploymentPostprocessing = 0;
		};
		08B96CC2209AB1C400233033 /* Sources */ = {
			isa = PBXSourcesBuildPhase;
			buildActionMask = 2147483647;
			files = (
				08B96CCB209AB1C400233033 /* midtermUITests.swift in Sources */,
			);
			runOnlyForDeploymentPostprocessing = 0;
		};
/* End PBXSourcesBuildPhase section */

/* Begin PBXTargetDependency section */
		08B96CC8209AB1C400233033 /* PBXTargetDependency */ = {
			isa = PBXTargetDependency;
			target = 08B96CB1209AB1BF00233033 /* midterm */;
			targetProxy = 08B96CC7209AB1C400233033 /* PBXContainerItemProxy */;
		};
/* End PBXTargetDependency section */

/* Begin PBXVariantGroup section */
		08B96CB9209AB1BF00233033 /* Main.storyboard */ = {
			isa = PBXVariantGroup;
			children = (
				08B96CBA209AB1BF00233033 /* Base */,
			);
			name = Main.storyboard;
			sourceTree = "<group>";
		};
		08B96CBE209AB1C400233033 /* LaunchScreen.storyboard */ = {
			isa = PBXVariantGroup;
			children = (
				08B96CBF209AB1C400233033 /* Base */,
			);
			name = LaunchScreen.storyboard;
			sourceTree = "<group>";
		};
/* End PBXVariantGroup section */

/* Begin XCBuildConfiguration section */
		08B96CCD209AB1C400233033 /* Debug */ = {
			isa = XCBuildConfiguration;
			buildSettings = {
				ALWAYS_SEARCH_USER_PATHS = NO;
				CLANG_ANALYZER_NONNULL = YES;
				CLANG_ANALYZER_NUMBER_OBJECT_CONVERSION = YES_AGGRESSIVE;
				CLANG_CXX_LANGUAGE_STANDARD = "gnu++14";
				CLANG_CXX_LIBRARY = "libc++";
				CLANG_ENABLE_MODULES = YES;
				CLANG_ENABLE_OBJC_ARC = YES;
				CLANG_ENABLE_OBJC_WEAK = YES;
				CLANG_WARN_BLOCK_CAPTURE_AUTORELEASING = YES;
				CLANG_WARN_BOOL_CONVERSION = YES;
				CLANG_WARN_COMMA = YES;
				CLANG_WARN_CONSTANT_CONVERSION = YES;
				CLANG_WARN_DEPRECATED_OBJC_IMPLEMENTATIONS = YES;
				CLANG_WARN_DIRECT_OBJC_ISA_USAGE = YES_ERROR;
				CLANG_WARN_DOCUMENTATION_COMMENTS = YES;
				CLANG_WARN_EMPTY_BODY = YES;
				CLANG_WARN_ENUM_CONVERSION = YES;
				CLANG_WARN_INFINITE_RECURSION = YES;
				CLANG_WARN_INT_CONVERSION = YES;
				CLANG_WARN_NON_LITERAL_NULL_CONVERSION = YES;
				CLANG_WARN_OBJC_IMPLICIT_RETAIN_SELF = YES;
				CLANG_WARN_OBJC_LITERAL_CONVERSION = YES;
				CLANG_WARN_OBJC_ROOT_CLASS = YES_ERROR;
				CLANG_WARN_RANGE_LOOP_ANALYSIS = YES;
				CLANG_WARN_STRICT_PROTOTYPES = YES;
				CLANG_WARN_SUSPICIOUS_MOVE = YES;
				CLANG_WARN_UNGUARDED_AVAILABILITY = YES_AGGRESSIVE;
				CLANG_WARN_UNREACHABLE_CODE = YES;
				CLANG_WARN__DUPLICATE_METHOD_MATCH = YES;
				CODE_SIGN_IDENTITY = "iPhone Developer";
				COPY_PHASE_STRIP = NO;
				DEBUG_INFORMATION_FORMAT = dwarf;
				ENABLE_STRICT_OBJC_MSGSEND = YES;
				ENABLE_TESTABILITY = YES;
				GCC_C_LANGUAGE_STANDARD = gnu11;
				GCC_DYNAMIC_NO_PIC = NO;
				GCC_NO_COMMON_BLOCKS = YES;
				GCC_OPTIMIZATION_LEVEL = 0;
				GCC_PREPROCESSOR_DEFINITIONS = (
					"DEBUG=1",
					"$(inherited)",
				);
				GCC_WARN_64_TO_32_BIT_CONVERSION = YES;
				GCC_WARN_ABOUT_RETURN_TYPE = YES_ERROR;
				GCC_WARN_UNDECLARED_SELECTOR = YES;
				GCC_WARN_UNINITIALIZED_AUTOS = YES_AGGRESSIVE;
				GCC_WARN_UNUSED_FUNCTION = YES;
				GCC_WARN_UNUSED_VARIABLE = YES;
				IPHONEOS_DEPLOYMENT_TARGET = 11.3;
				MTL_ENABLE_DEBUG_INFO = YES;
				ONLY_ACTIVE_ARCH = YES;
				SDKROOT = iphoneos;
				SWIFT_ACTIVE_COMPILATION_CONDITIONS = DEBUG;
				SWIFT_OPTIMIZATION_LEVEL = "-Onone";
			};
			name = Debug;
		};
		08B96CCE209AB1C400233033 /* Release */ = {
			isa = XCBuildConfiguration;
			buildSettings = {
				ALWAYS_SEARCH_USER_PATHS = NO;
				CLANG_ANALYZER_NONNULL = YES;
				CLANG_ANALYZER_NUMBER_OBJECT_CONVERSION = YES_AGGRESSIVE;
				CLANG_CXX_LANGUAGE_STANDARD = "gnu++14";
				CLANG_CXX_LIBRARY = "libc++";
				CLANG_ENABLE_MODULES = YES;
				CLANG_ENABLE_OBJC_ARC = YES;
				CLANG_ENABLE_OBJC_WEAK = YES;
				CLANG_WARN_BLOCK_CAPTURE_AUTORELEASING = YES;
				CLANG_WARN_BOOL_CONVERSION = YES;
				CLANG_WARN_COMMA = YES;
				CLANG_WARN_CONSTANT_CONVERSION = YES;
				CLANG_WARN_DEPRECATED_OBJC_IMPLEMENTATIONS = YES;
				CLANG_WARN_DIRECT_OBJC_ISA_USAGE = YES_ERROR;
				CLANG_WARN_DOCUMENTATION_COMMENTS = YES;
				CLANG_WARN_EMPTY_BODY = YES;
				CLANG_WARN_ENUM_CONVERSION = YES;
				CLANG_WARN_INFINITE_RECURSION = YES;
				CLANG_WARN_INT_CONVERSION = YES;
				CLANG_WARN_NON_LITERAL_NULL_CONVERSION = YES;
				CLANG_WARN_OBJC_IMPLICIT_RETAIN_SELF = YES;
				CLANG_WARN_OBJC_LITERAL_CONVERSION = YES;
				CLANG_WARN_OBJC_ROOT_CLASS = YES_ERROR;
				CLANG_WARN_RANGE_LOOP_ANALYSIS = YES;
				CLANG_WARN_STRICT_PROTOTYPES = YES;
				CLANG_WARN_SUSPICIOUS_MOVE = YES;
				CLANG_WARN_UNGUARDED_AVAILABILITY = YES_AGGRESSIVE;
				CLANG_WARN_UNREACHABLE_CODE = YES;
				CLANG_WARN__DUPLICATE_METHOD_MATCH = YES;
				CODE_SIGN_IDENTITY = "iPhone Developer";
				COPY_PHASE_STRIP = NO;
				DEBUG_INFORMATION_FORMAT = "dwarf-with-dsym";
				ENABLE_NS_ASSERTIONS = NO;
				ENABLE_STRICT_OBJC_MSGSEND = YES;
				GCC_C_LANGUAGE_STANDARD = gnu11;
				GCC_NO_COMMON_BLOCKS = YES;
				GCC_WARN_64_TO_32_BIT_CONVERSION = YES;
				GCC_WARN_ABOUT_RETURN_TYPE = YES_ERROR;
				GCC_WARN_UNDECLARED_SELECTOR = YES;
				GCC_WARN_UNINITIALIZED_AUTOS = YES_AGGRESSIVE;
				GCC_WARN_UNUSED_FUNCTION = YES;
				GCC_WARN_UNUSED_VARIABLE = YES;
				IPHONEOS_DEPLOYMENT_TARGET = 11.3;
				MTL_ENABLE_DEBUG_INFO = NO;
				SDKROOT = iphoneos;
				SWIFT_COMPILATION_MODE = wholemodule;
				SWIFT_OPTIMIZATION_LEVEL = "-O";
				VALIDATE_PRODUCT = YES;
			};
			name = Release;
		};
		08B96CD0209AB1C400233033 /* Debug */ = {
			isa = XCBuildConfiguration;
			buildSettings = {
				ASSETCATALOG_COMPILER_APPICON_NAME = AppIcon;
				CODE_SIGN_STYLE = Automatic;
				DEVELOPMENT_TEAM = LZ6RZTUBB5;
				INFOPLIST_FILE = midterm/Info.plist;
				IPHONEOS_DEPLOYMENT_TARGET = 11.0;
				LD_RUNPATH_SEARCH_PATHS = (
					"$(inherited)",
					"@executable_path/Frameworks",
				);
				PRODUCT_BUNDLE_IDENTIFIER = NCNU.CSIE.midterm;
				PRODUCT_NAME = "$(TARGET_NAME)";
				SWIFT_VERSION = 4.0;
				TARGETED_DEVICE_FAMILY = "1,2";
			};
			name = Debug;
		};
		08B96CD1209AB1C400233033 /* Release */ = {
			isa = XCBuildConfiguration;
			buildSettings = {
				ASSETCATALOG_COMPILER_APPICON_NAME = AppIcon;
				CODE_SIGN_STYLE = Automatic;
				DEVELOPMENT_TEAM = LZ6RZTUBB5;
				INFOPLIST_FILE = midterm/Info.plist;
				IPHONEOS_DEPLOYMENT_TARGET = 11.0;
				LD_RUNPATH_SEARCH_PATHS = (
					"$(inherited)",
					"@executable_path/Frameworks",
				);
				PRODUCT_BUNDLE_IDENTIFIER = NCNU.CSIE.midterm;
				PRODUCT_NAME = "$(TARGET_NAME)";
				SWIFT_VERSION = 4.0;
				TARGETED_DEVICE_FAMILY = "1,2";
			};
			name = Release;
		};
		08B96CD3209AB1C400233033 /* Debug */ = {
			isa = XCBuildConfiguration;
			buildSettings = {
				ALWAYS_EMBED_SWIFT_STANDARD_LIBRARIES = YES;
				CODE_SIGN_STYLE = Automatic;
				DEVELOPMENT_TEAM = LZ6RZTUBB5;
				INFOPLIST_FILE = midtermUITests/Info.plist;
				LD_RUNPATH_SEARCH_PATHS = (
					"$(inherited)",
					"@executable_path/Frameworks",
					"@loader_path/Frameworks",
				);
				PRODUCT_BUNDLE_IDENTIFIER = NCNU.CSIE.midtermUITests;
				PRODUCT_NAME = "$(TARGET_NAME)";
				SWIFT_VERSION = 4.0;
				TARGETED_DEVICE_FAMILY = "1,2";
				TEST_TARGET_NAME = midterm;
			};
			name = Debug;
		};
		08B96CD4209AB1C400233033 /* Release */ = {
			isa = XCBuildConfiguration;
			buildSettings = {
				ALWAYS_EMBED_SWIFT_STANDARD_LIBRARIES = YES;
				CODE_SIGN_STYLE = Automatic;
				DEVELOPMENT_TEAM = LZ6RZTUBB5;
				INFOPLIST_FILE = midtermUITests/Info.plist;
				LD_RUNPATH_SEARCH_PATHS = (
					"$(inherited)",
					"@executable_path/Frameworks",
					"@loader_path/Frameworks",
				);
				PRODUCT_BUNDLE_IDENTIFIER = NCNU.CSIE.midtermUITests;
				PRODUCT_NAME = "$(TARGET_NAME)";
				SWIFT_VERSION = 4.0;
				TARGETED_DEVICE_FAMILY = "1,2";
				TEST_TARGET_NAME = midterm;
			};
			name = Release;
		};
/* End XCBuildConfiguration section */

/* Begin XCConfigurationList section */
		08B96CAD209AB1BF00233033 /* Build configuration list for PBXProject "midterm" */ = {
			isa = XCConfigurationList;
			buildConfigurations = (
				08B96CCD209AB1C400233033 /* Debug */,
				08B96CCE209AB1C400233033 /* Release */,
			);
			defaultConfigurationIsVisible = 0;
			defaultConfigurationName = Release;
		};
		08B96CCF209AB1C400233033 /* Build configuration list for PBXNativeTarget "midterm" */ = {
			isa = XCConfigurationList;
			buildConfigurations = (
				08B96CD0209AB1C400233033 /* Debug */,
				08B96CD1209AB1C400233033 /* Release */,
			);
			defaultConfigurationIsVisible = 0;
			defaultConfigurationName = Release;
		};
		08B96CD2209AB1C400233033 /* Build configuration list for PBXNativeTarget "midtermUITests" */ = {
			isa = XCConfigurationList;
			buildConfigurations = (
				08B96CD3209AB1C400233033 /* Debug */,
				08B96CD4209AB1C400233033 /* Release */,
			);
			defaultConfigurationIsVisible = 0;
			defaultConfigurationName = Release;
		};
/* End XCConfigurationList section */
	};
	rootObject = 08B96CAA209AB1BF00233033 /* Project object */;
}
